
Microsoft Visual Studio Solution File, Format Version 12.00
# Visual Studio Version 17
VisualStudioVersion = 17.12.35527.113
MinimumVisualStudioVersion = 10.0.40219.1
Project("{FAE04EC0-301F-11D3-BF4B-00C04F79EFBC}") = "DVLDR", "DVLDR.csproj", "{3A6BF798-793D-40B6-A6D5-6D15A6C2802B}"
EndProject
Project("{FAE04EC0-301F-11D3-BF4B-00C04F79EFBC}") = "DataAccessLayer", "..\DataAccessLayer\DataAccessLayer.csproj", "{AB741EC0-4C8E-42FF-B4BD-0C1128583753}"
EndProject
Project("{FAE04EC0-301F-11D3-BF4B-00C04F79EFBC}") = "BusinessLayer", "..\BusinessLayer\BusinessLayer.csproj", "{9240D6A2-FD45-4808-9217-0DFC8CDFB353}"
EndProject
Global
	GlobalSection(SolutionConfigurationPlatforms) = preSolution
		Debug|Any CPU = Debug|Any CPU
		Release|Any CPU = Release|Any CPU
	EndGlobalSection
	GlobalSection(ProjectConfigurationPlatforms) = postSolution
		{3A6BF798-793D-40B6-A6D5-6D15A6C2802B}.Debug|Any CPU.ActiveCfg = Debug|Any CPU
		{3A6BF798-793D-40B6-A6D5-6D15A6C2802B}.Debug|Any CPU.Build.0 = Debug|Any CPU
		{3A6BF798-793D-40B6-A6D5-6D15A6C2802B}.Release|Any CPU.ActiveCfg = Release|Any CPU
		{3A6BF798-793D-40B6-A6D5-6D15A6C2802B}.Release|Any CPU.Build.0 = Release|Any CPU
		{AB741EC0-4C8E-42FF-B4BD-0C1128583753}.Debug|Any CPU.ActiveCfg = Debug|Any CPU
		{AB741EC0-4C8E-42FF-B4BD-0C1128583753}.Debug|Any CPU.Build.0 = Debug|Any CPU
		{AB741EC0-4C8E-42FF-B4BD-0C1128583753}.Release|Any CPU.ActiveCfg = Release|Any CPU
		{AB741EC0-4C8E-42FF-B4BD-0C1128583753}.Release|Any CPU.Build.0 = Release|Any CPU
		{9240D6A2-FD45-4808-9217-0DFC8CDFB353}.Debug|Any CPU.ActiveCfg = Debug|Any CPU
		{9240D6A2-FD45-4808-9217-0DFC8CDFB353}.Debug|Any CPU.Build.0 = Debug|Any CPU
		{9240D6A2-FD45-4808-9217-0DFC8CDFB353}.Release|Any CPU.ActiveCfg = Release|Any CPU
		{9240D6A2-FD45-4808-9217-0DFC8CDFB353}.Release|Any CPU.Build.0 = Release|Any CPU
	EndGlobalSection
	GlobalSection(SolutionProperties) = preSolution
		HideSolutionNode = FALSE
	EndGlobalSection
EndGlobal
